
Microsoft Visual Studio Solution File, Format Version 12.00
# Visual Studio Version 17
VisualStudioVersion = 17.6.33815.320
MinimumVisualStudioVersion = 10.0.40219.1
Project("{FAE04EC0-301F-11D3-BF4B-00C04F79EFBC}") = "web", "web\web.csproj", "{EE9621F6-061B-4577-8FB7-D60BE21B5F39}"
EndProject
Global
	GlobalSection(SolutionConfigurationPlatforms) = preSolution
		Debug|Any CPU = Debug|Any CPU
		Release|Any CPU = Release|Any CPU
	EndGlobalSection
	GlobalSection(ProjectConfigurationPlatforms) = postSolution
		{EE9621F6-061B-4577-8FB7-D60BE21B5F39}.Debug|Any CPU.ActiveCfg = Debug|Any CPU
		{EE9621F6-061B-4577-8FB7-D60BE21B5F39}.Debug|Any CPU.Build.0 = Debug|Any CPU
		{EE9621F6-061B-4577-8FB7-D60BE21B5F39}.Release|Any CPU.ActiveCfg = Release|Any CPU
		{EE9621F6-061B-4577-8FB7-D60BE21B5F39}.Release|Any CPU.Build.0 = Release|Any CPU
	EndGlobalSection
	GlobalSection(SolutionProperties) = preSolution
		HideSolutionNode = FALSE
	EndGlobalSection
	GlobalSection(ExtensibilityGlobals) = postSolution
		SolutionGuid = {A3FD5441-6D86-4799-B090-14A21BF13D34}
	EndGlobalSection
EndGlobal
